
Microsoft Visual Studio Solution File, Format Version 12.00
# Visual Studio Version 16
VisualStudioVersion = 16.0.31729.503
MinimumVisualStudioVersion = 10.0.40219.1
Project("{FAE04EC0-301F-11D3-BF4B-00C04F79EFBC}") = "SecurityApp", "SecurityApp\SecurityApp.csproj", "{EE85B8A4-CF97-47A0-B091-C113C7F6EF4B}"
EndProject
Project("{00D1A9C2-B5F0-4AF3-8072-F6C62B433612}") = "DataAccessDB", "DataAccessDB\DataAccessDB.sqlproj", "{E9C302FB-B6E2-4CA4-914D-296193CB5AAB}"
EndProject
Project("{9A19103F-16F7-4668-BE54-9A1E7A4F7556}") = "DataAccess.DAL", "DataAccess.DAL\DataAccess.DAL.csproj", "{53AAA0FE-1C86-4683-8741-52222B1B3437}"
EndProject
Global
	GlobalSection(SolutionConfigurationPlatforms) = preSolution
		Debug|Any CPU = Debug|Any CPU
		Release|Any CPU = Release|Any CPU
	EndGlobalSection
	GlobalSection(ProjectConfigurationPlatforms) = postSolution
		{EE85B8A4-CF97-47A0-B091-C113C7F6EF4B}.Debug|Any CPU.ActiveCfg = Debug|Any CPU
		{EE85B8A4-CF97-47A0-B091-C113C7F6EF4B}.Debug|Any CPU.Build.0 = Debug|Any CPU
		{EE85B8A4-CF97-47A0-B091-C113C7F6EF4B}.Release|Any CPU.ActiveCfg = Release|Any CPU
		{EE85B8A4-CF97-47A0-B091-C113C7F6EF4B}.Release|Any CPU.Build.0 = Release|Any CPU
		{E9C302FB-B6E2-4CA4-914D-296193CB5AAB}.Debug|Any CPU.ActiveCfg = Debug|Any CPU
		{E9C302FB-B6E2-4CA4-914D-296193CB5AAB}.Debug|Any CPU.Build.0 = Debug|Any CPU
		{E9C302FB-B6E2-4CA4-914D-296193CB5AAB}.Debug|Any CPU.Deploy.0 = Debug|Any CPU
		{E9C302FB-B6E2-4CA4-914D-296193CB5AAB}.Release|Any CPU.ActiveCfg = Release|Any CPU
		{E9C302FB-B6E2-4CA4-914D-296193CB5AAB}.Release|Any CPU.Build.0 = Release|Any CPU
		{E9C302FB-B6E2-4CA4-914D-296193CB5AAB}.Release|Any CPU.Deploy.0 = Release|Any CPU
		{53AAA0FE-1C86-4683-8741-52222B1B3437}.Debug|Any CPU.ActiveCfg = Debug|Any CPU
		{53AAA0FE-1C86-4683-8741-52222B1B3437}.Debug|Any CPU.Build.0 = Debug|Any CPU
		{53AAA0FE-1C86-4683-8741-52222B1B3437}.Release|Any CPU.ActiveCfg = Release|Any CPU
		{53AAA0FE-1C86-4683-8741-52222B1B3437}.Release|Any CPU.Build.0 = Release|Any CPU
	EndGlobalSection
	GlobalSection(SolutionProperties) = preSolution
		HideSolutionNode = FALSE
	EndGlobalSection
	GlobalSection(ExtensibilityGlobals) = postSolution
		SolutionGuid = {76B63254-9256-4998-AD95-A16DEEC44A26}
	EndGlobalSection
EndGlobal
